{
  "name": "rok-ds",
  "version": "1.0.0",
  "lockfileVersion": 2,
  "requires": true,
  "packages": {
    "": {
      "name": "rok-ds",
      "version": "1.0.0",
      "license": "ISC",
      "devDependencies": {
        "pnpm": "^7.22.0"
      }
    },
    "node_modules/pnpm": {
      "version": "7.25.0",
      "resolved": "https://registry.npmjs.org/pnpm/-/pnpm-7.25.0.tgz",
      "integrity": "sha512-FGFQUON8kJ6ma39elJ8lyD8wPIfgp3opGJD9sX0TgIJk4zSr556qCgC8AN+3BFHe4yuRkEauf4JVLW2RKyyEcA==",
      "dev": true,
      "bin": {
        "pnpm": "bin/pnpm.cjs",
        "pnpx": "bin/pnpx.cjs"
      },
      "engines": {
        "node": ">=14.6"
      },
      "funding": {
        "url": "https://opencollective.com/pnpm"
      }
    }
  },
  "dependencies": {
    "pnpm": {
      "version": "7.25.0",
      "resolved": "https://registry.npmjs.org/pnpm/-/pnpm-7.25.0.tgz",
      "integrity": "sha512-FGFQUON8kJ6ma39elJ8lyD8wPIfgp3opGJD9sX0TgIJk4zSr556qCgC8AN+3BFHe4yuRkEauf4JVLW2RKyyEcA==",
      "dev": true
    }
  }
}
